// !$*UTF8*$!
{
	archiveVersion = 1;
	classes = {
	};
	objectVersion = 55;
	objects = {

/* Begin PBXBuildFile section */
		C4016B3229808779008AAFDA /* Coordinator.swift in Sources */ = {isa = PBXBuildFile; fileRef = C4016B3129808779008AAFDA /* Coordinator.swift */; };
		C4016B34298087C4008AAFDA /* HomeCoordinator.swift in Sources */ = {isa = PBXBuildFile; fileRef = C4016B33298087C4008AAFDA /* HomeCoordinator.swift */; };
		C4016B3829809466008AAFDA /* LevelsVC.swift in Sources */ = {isa = PBXBuildFile; fileRef = C4016B3729809466008AAFDA /* LevelsVC.swift */; };
		C4016B3A2980963F008AAFDA /* LevelsCoordinator.swift in Sources */ = {isa = PBXBuildFile; fileRef = C4016B392980963F008AAFDA /* LevelsCoordinator.swift */; };
		C4016B3D29809885008AAFDA /* LevelsScreen.swift in Sources */ = {isa = PBXBuildFile; fileRef = C4016B3C29809885008AAFDA /* LevelsScreen.swift */; };
		C4016B40298099E0008AAFDA /* LevelTableViewCell.swift in Sources */ = {isa = PBXBuildFile; fileRef = C4016B3F298099E0008AAFDA /* LevelTableViewCell.swift */; };
		C4016B4429809B15008AAFDA /* LevelCellScreen.swift in Sources */ = {isa = PBXBuildFile; fileRef = C4016B4329809B15008AAFDA /* LevelCellScreen.swift */; };
		C438D7B4297F4E39002BF5A7 /* AppDelegate.swift in Sources */ = {isa = PBXBuildFile; fileRef = C438D7B3297F4E39002BF5A7 /* AppDelegate.swift */; };
		C438D7B6297F4E39002BF5A7 /* SceneDelegate.swift in Sources */ = {isa = PBXBuildFile; fileRef = C438D7B5297F4E39002BF5A7 /* SceneDelegate.swift */; };
		C438D7BD297F4E3C002BF5A7 /* Assets.xcassets in Resources */ = {isa = PBXBuildFile; fileRef = C438D7BC297F4E3C002BF5A7 /* Assets.xcassets */; };
		C438D7C0297F4E3C002BF5A7 /* LaunchScreen.storyboard in Resources */ = {isa = PBXBuildFile; fileRef = C438D7BE297F4E3C002BF5A7 /* LaunchScreen.storyboard */; };
		C438D7E6297F50AA002BF5A7 /* Colors.swift in Sources */ = {isa = PBXBuildFile; fileRef = C438D7E5297F50AA002BF5A7 /* Colors.swift */; };
		C438D7ED297F51D5002BF5A7 /* User.swift in Sources */ = {isa = PBXBuildFile; fileRef = C438D7EC297F51D5002BF5A7 /* User.swift */; };
		C438D7EF297F5498002BF5A7 /* Group.swift in Sources */ = {isa = PBXBuildFile; fileRef = C438D7EE297F5498002BF5A7 /* Group.swift */; };
		C438D7F1297F5513002BF5A7 /* Genre.swift in Sources */ = {isa = PBXBuildFile; fileRef = C438D7F0297F5513002BF5A7 /* Genre.swift */; };
		C438D7F3297F5527002BF5A7 /* BodyType.swift in Sources */ = {isa = PBXBuildFile; fileRef = C438D7F2297F5527002BF5A7 /* BodyType.swift */; };
		C438D7F5297F5539002BF5A7 /* GenreTypeGroup.swift in Sources */ = {isa = PBXBuildFile; fileRef = C438D7F4297F5539002BF5A7 /* GenreTypeGroup.swift */; };
		C438D7F7297F559B002BF5A7 /* HomeVC.swift in Sources */ = {isa = PBXBuildFile; fileRef = C438D7F6297F559B002BF5A7 /* HomeVC.swift */; };
		C438D7F9297F55CA002BF5A7 /* HomeScreen.swift in Sources */ = {isa = PBXBuildFile; fileRef = C438D7F8297F55CA002BF5A7 /* HomeScreen.swift */; };
		C4AFCAF22993181F00D5DA4B /* ProfileVC.swift in Sources */ = {isa = PBXBuildFile; fileRef = C4AFCAF12993181F00D5DA4B /* ProfileVC.swift */; };
/* End PBXBuildFile section */

/* Begin PBXFileReference section */
		C4016AFC297F5D35008AAFDA /* AppDelegate.swift */ = {isa = PBXFileReference; lastKnownFileType = sourcecode.swift; path = AppDelegate.swift; sourceTree = "<group>"; };
		C4016AFE297F5D35008AAFDA /* SceneDelegate.swift */ = {isa = PBXFileReference; lastKnownFileType = sourcecode.swift; path = SceneDelegate.swift; sourceTree = "<group>"; };
		C4016B00297F5D35008AAFDA /* ViewController.swift */ = {isa = PBXFileReference; lastKnownFileType = sourcecode.swift; path = ViewController.swift; sourceTree = "<group>"; };
		C4016B03297F5D35008AAFDA /* Base */ = {isa = PBXFileReference; lastKnownFileType = file.storyboard; name = Base; path = Base.lproj/Main.storyboard; sourceTree = "<group>"; };
		C4016B05297F5D38008AAFDA /* Assets.xcassets */ = {isa = PBXFileReference; lastKnownFileType = folder.assetcatalog; path = Assets.xcassets; sourceTree = "<group>"; };
		C4016B08297F5D38008AAFDA /* Base */ = {isa = PBXFileReference; lastKnownFileType = file.storyboard; name = Base; path = Base.lproj/LaunchScreen.storyboard; sourceTree = "<group>"; };
		C4016B0A297F5D38008AAFDA /* Info.plist */ = {isa = PBXFileReference; lastKnownFileType = text.plist.xml; path = Info.plist; sourceTree = "<group>"; };
		C4016B3129808779008AAFDA /* Coordinator.swift */ = {isa = PBXFileReference; lastKnownFileType = sourcecode.swift; path = Coordinator.swift; sourceTree = "<group>"; };
		C4016B33298087C4008AAFDA /* HomeCoordinator.swift */ = {isa = PBXFileReference; lastKnownFileType = sourcecode.swift; path = HomeCoordinator.swift; sourceTree = "<group>"; };
		C4016B3729809466008AAFDA /* LevelsVC.swift */ = {isa = PBXFileReference; lastKnownFileType = sourcecode.swift; path = LevelsVC.swift; sourceTree = "<group>"; };
		C4016B392980963F008AAFDA /* LevelsCoordinator.swift */ = {isa = PBXFileReference; lastKnownFileType = sourcecode.swift; path = LevelsCoordinator.swift; sourceTree = "<group>"; };
		C4016B3C29809885008AAFDA /* LevelsScreen.swift */ = {isa = PBXFileReference; lastKnownFileType = sourcecode.swift; path = LevelsScreen.swift; sourceTree = "<group>"; };
		C4016B3F298099E0008AAFDA /* LevelTableViewCell.swift */ = {isa = PBXFileReference; lastKnownFileType = sourcecode.swift; path = LevelTableViewCell.swift; sourceTree = "<group>"; };
		C4016B4329809B15008AAFDA /* LevelCellScreen.swift */ = {isa = PBXFileReference; lastKnownFileType = sourcecode.swift; path = LevelCellScreen.swift; sourceTree = "<group>"; };
		C438D7B0297F4E39002BF5A7 /* GymGame.app */ = {isa = PBXFileReference; explicitFileType = wrapper.application; includeInIndex = 0; path = GymGame.app; sourceTree = BUILT_PRODUCTS_DIR; };
		C438D7B3297F4E39002BF5A7 /* AppDelegate.swift */ = {isa = PBXFileReference; lastKnownFileType = sourcecode.swift; path = AppDelegate.swift; sourceTree = "<group>"; };
		C438D7B5297F4E39002BF5A7 /* SceneDelegate.swift */ = {isa = PBXFileReference; lastKnownFileType = sourcecode.swift; path = SceneDelegate.swift; sourceTree = "<group>"; };
		C438D7BC297F4E3C002BF5A7 /* Assets.xcassets */ = {isa = PBXFileReference; lastKnownFileType = folder.assetcatalog; path = Assets.xcassets; sourceTree = "<group>"; };
		C438D7BF297F4E3C002BF5A7 /* Base */ = {isa = PBXFileReference; lastKnownFileType = file.storyboard; name = Base; path = Base.lproj/LaunchScreen.storyboard; sourceTree = "<group>"; };
		C438D7C1297F4E3C002BF5A7 /* Info.plist */ = {isa = PBXFileReference; lastKnownFileType = text.plist.xml; path = Info.plist; sourceTree = "<group>"; };
		C438D7E2297F4F22002BF5A7 /* Onboarding.framework */ = {isa = PBXFileReference; explicitFileType = wrapper.framework; path = Onboarding.framework; sourceTree = BUILT_PRODUCTS_DIR; };
		C438D7E5297F50AA002BF5A7 /* Colors.swift */ = {isa = PBXFileReference; lastKnownFileType = sourcecode.swift; path = Colors.swift; sourceTree = "<group>"; };
		C438D7EC297F51D5002BF5A7 /* User.swift */ = {isa = PBXFileReference; lastKnownFileType = sourcecode.swift; path = User.swift; sourceTree = "<group>"; };
		C438D7EE297F5498002BF5A7 /* Group.swift */ = {isa = PBXFileReference; lastKnownFileType = sourcecode.swift; path = Group.swift; sourceTree = "<group>"; };
		C438D7F0297F5513002BF5A7 /* Genre.swift */ = {isa = PBXFileReference; lastKnownFileType = sourcecode.swift; path = Genre.swift; sourceTree = "<group>"; };
		C438D7F2297F5527002BF5A7 /* BodyType.swift */ = {isa = PBXFileReference; lastKnownFileType = sourcecode.swift; path = BodyType.swift; sourceTree = "<group>"; };
		C438D7F4297F5539002BF5A7 /* GenreTypeGroup.swift */ = {isa = PBXFileReference; lastKnownFileType = sourcecode.swift; path = GenreTypeGroup.swift; sourceTree = "<group>"; };
		C438D7F6297F559B002BF5A7 /* HomeVC.swift */ = {isa = PBXFileReference; lastKnownFileType = sourcecode.swift; path = HomeVC.swift; sourceTree = "<group>"; };
		C438D7F8297F55CA002BF5A7 /* HomeScreen.swift */ = {isa = PBXFileReference; lastKnownFileType = sourcecode.swift; path = HomeScreen.swift; sourceTree = "<group>"; };
		C4AFCAF12993181F00D5DA4B /* ProfileVC.swift */ = {isa = PBXFileReference; lastKnownFileType = sourcecode.swift; path = ProfileVC.swift; sourceTree = "<group>"; };
/* End PBXFileReference section */

/* Begin PBXFrameworksBuildPhase section */
		C438D7AD297F4E39002BF5A7 /* Frameworks */ = {
			isa = PBXFrameworksBuildPhase;
			buildActionMask = 2147483647;
			files = (
			);
			runOnlyForDeploymentPostprocessing = 0;
		};
/* End PBXFrameworksBuildPhase section */

/* Begin PBXGroup section */
		C4016AFB297F5D35008AAFDA /* Onboarding */ = {
			isa = PBXGroup;
			children = (
				C4016AFC297F5D35008AAFDA /* AppDelegate.swift */,
				C4016AFE297F5D35008AAFDA /* SceneDelegate.swift */,
				C4016B00297F5D35008AAFDA /* ViewController.swift */,
				C4016B02297F5D35008AAFDA /* Main.storyboard */,
				C4016B05297F5D38008AAFDA /* Assets.xcassets */,
				C4016B07297F5D38008AAFDA /* LaunchScreen.storyboard */,
				C4016B0A297F5D38008AAFDA /* Info.plist */,
			);
			path = Onboarding;
			sourceTree = "<group>";
		};
		C4016B3029808762008AAFDA /* Coordinator */ = {
			isa = PBXGroup;
			children = (
				C4016B3129808779008AAFDA /* Coordinator.swift */,
				C4016B33298087C4008AAFDA /* HomeCoordinator.swift */,
				C4016B392980963F008AAFDA /* LevelsCoordinator.swift */,
			);
			path = Coordinator;
			sourceTree = "<group>";
		};
		C4016B3529809449008AAFDA /* LevelsVC */ = {
			isa = PBXGroup;
			children = (
				C4016B3B29809873008AAFDA /* View */,
				C4016B3629809452008AAFDA /* Controller */,
			);
			path = LevelsVC;
			sourceTree = "<group>";
		};
		C4016B3629809452008AAFDA /* Controller */ = {
			isa = PBXGroup;
			children = (
				C4016B3729809466008AAFDA /* LevelsVC.swift */,
			);
			path = Controller;
			sourceTree = "<group>";
		};
		C4016B3B29809873008AAFDA /* View */ = {
			isa = PBXGroup;
			children = (
				C4016B3C29809885008AAFDA /* LevelsScreen.swift */,
				C4016B3E298099C7008AAFDA /* Cells */,
			);
			path = View;
			sourceTree = "<group>";
		};
		C4016B3E298099C7008AAFDA /* Cells */ = {
			isa = PBXGroup;
			children = (
				C4016B4229809AEF008AAFDA /* LevelTableViewCell */,
			);
			path = Cells;
			sourceTree = "<group>";
		};
		C4016B4129809AE9008AAFDA /* Screen */ = {
			isa = PBXGroup;
			children = (
				C4016B4329809B15008AAFDA /* LevelCellScreen.swift */,
			);
			path = Screen;
			sourceTree = "<group>";
		};
		C4016B4229809AEF008AAFDA /* LevelTableViewCell */ = {
			isa = PBXGroup;
			children = (
				C4016B4129809AE9008AAFDA /* Screen */,
				C4016B3F298099E0008AAFDA /* LevelTableViewCell.swift */,
			);
			path = LevelTableViewCell;
			sourceTree = "<group>";
		};
		C438D7A7297F4E38002BF5A7 = {
			isa = PBXGroup;
			children = (
				C438D7B2297F4E39002BF5A7 /* GymGame */,
				C4016AFB297F5D35008AAFDA /* Onboarding */,
				C438D7B1297F4E39002BF5A7 /* Products */,
				C438D7E1297F4F22002BF5A7 /* Frameworks */,
			);
			sourceTree = "<group>";
		};
		C438D7B1297F4E39002BF5A7 /* Products */ = {
			isa = PBXGroup;
			children = (
				C438D7B0297F4E39002BF5A7 /* GymGame.app */,
			);
			name = Products;
			sourceTree = "<group>";
		};
		C438D7B2297F4E39002BF5A7 /* GymGame */ = {
			isa = PBXGroup;
			children = (
				C4AFCAF02993180E00D5DA4B /* ProfileVC */,
				C438D7E4297F508B002BF5A7 /* Resources */,
				C4016B3529809449008AAFDA /* LevelsVC */,
				C4016B3029808762008AAFDA /* Coordinator */,
				C438D7EB297F51A5002BF5A7 /* Model */,
				C438D7E7297F5189002BF5A7 /* HomeVC */,
				C438D7B3297F4E39002BF5A7 /* AppDelegate.swift */,
				C438D7B5297F4E39002BF5A7 /* SceneDelegate.swift */,
				C438D7BC297F4E3C002BF5A7 /* Assets.xcassets */,
				C438D7BE297F4E3C002BF5A7 /* LaunchScreen.storyboard */,
				C438D7C1297F4E3C002BF5A7 /* Info.plist */,
			);
			path = GymGame;
			sourceTree = "<group>";
		};
		C438D7E1297F4F22002BF5A7 /* Frameworks */ = {
			isa = PBXGroup;
			children = (
				C438D7E2297F4F22002BF5A7 /* Onboarding.framework */,
			);
			name = Frameworks;
			sourceTree = "<group>";
		};
		C438D7E4297F508B002BF5A7 /* Resources */ = {
			isa = PBXGroup;
			children = (
				C438D7E5297F50AA002BF5A7 /* Colors.swift */,
			);
			path = Resources;
			sourceTree = "<group>";
		};
		C438D7E7297F5189002BF5A7 /* HomeVC */ = {
			isa = PBXGroup;
			children = (
				C438D7EA297F519A002BF5A7 /* ViewModel */,
				C438D7E9297F5196002BF5A7 /* Controller */,
				C438D7E8297F5191002BF5A7 /* View */,
			);
			path = HomeVC;
			sourceTree = "<group>";
		};
		C438D7E8297F5191002BF5A7 /* View */ = {
			isa = PBXGroup;
			children = (
				C438D7F8297F55CA002BF5A7 /* HomeScreen.swift */,
			);
			path = View;
			sourceTree = "<group>";
		};
		C438D7E9297F5196002BF5A7 /* Controller */ = {
			isa = PBXGroup;
			children = (
				C438D7F6297F559B002BF5A7 /* HomeVC.swift */,
			);
			path = Controller;
			sourceTree = "<group>";
		};
		C438D7EA297F519A002BF5A7 /* ViewModel */ = {
			isa = PBXGroup;
			children = (
			);
			path = ViewModel;
			sourceTree = "<group>";
		};
		C438D7EB297F51A5002BF5A7 /* Model */ = {
			isa = PBXGroup;
			children = (
				C438D7EC297F51D5002BF5A7 /* User.swift */,
				C438D7EE297F5498002BF5A7 /* Group.swift */,
				C438D7F0297F5513002BF5A7 /* Genre.swift */,
				C438D7F2297F5527002BF5A7 /* BodyType.swift */,
				C438D7F4297F5539002BF5A7 /* GenreTypeGroup.swift */,
			);
			path = Model;
			sourceTree = "<group>";
		};
		C4AFCAF02993180E00D5DA4B /* ProfileVC */ = {
			isa = PBXGroup;
			children = (
				C4AFCAF12993181F00D5DA4B /* ProfileVC.swift */,
			);
			path = ProfileVC;
			sourceTree = "<group>";
		};
/* End PBXGroup section */

/* Begin PBXNativeTarget section */
		C438D7AF297F4E39002BF5A7 /* GymGame */ = {
			isa = PBXNativeTarget;
			buildConfigurationList = C438D7C4297F4E3C002BF5A7 /* Build configuration list for PBXNativeTarget "GymGame" */;
			buildPhases = (
				C438D7AC297F4E39002BF5A7 /* Sources */,
				C438D7AD297F4E39002BF5A7 /* Frameworks */,
				C438D7AE297F4E39002BF5A7 /* Resources */,
			);
			buildRules = (
			);
			dependencies = (
			);
			name = GymGame;
			productName = GymGame;
			productReference = C438D7B0297F4E39002BF5A7 /* GymGame.app */;
			productType = "com.apple.product-type.application";
		};
/* End PBXNativeTarget section */

/* Begin PBXProject section */
		C438D7A8297F4E38002BF5A7 /* Project object */ = {
			isa = PBXProject;
			attributes = {
				BuildIndependentTargetsInParallel = 1;
				LastSwiftUpdateCheck = 1320;
				LastUpgradeCheck = 1320;
				TargetAttributes = {
					C438D7AF297F4E39002BF5A7 = {
						CreatedOnToolsVersion = 13.2.1;
					};
				};
			};
			buildConfigurationList = C438D7AB297F4E38002BF5A7 /* Build configuration list for PBXProject "GymGame" */;
			compatibilityVersion = "Xcode 13.0";
			developmentRegion = en;
			hasScannedForEncodings = 0;
			knownRegions = (
				en,
				Base,
			);
			mainGroup = C438D7A7297F4E38002BF5A7;
			productRefGroup = C438D7B1297F4E39002BF5A7 /* Products */;
			projectDirPath = "";
			projectRoot = "";
			targets = (
				C438D7AF297F4E39002BF5A7 /* GymGame */,
			);
		};
/* End PBXProject section */

/* Begin PBXResourcesBuildPhase section */
		C438D7AE297F4E39002BF5A7 /* Resources */ = {
			isa = PBXResourcesBuildPhase;
			buildActionMask = 2147483647;
			files = (
				C438D7C0297F4E3C002BF5A7 /* LaunchScreen.storyboard in Resources */,
				C438D7BD297F4E3C002BF5A7 /* Assets.xcassets in Resources */,
			);
			runOnlyForDeploymentPostprocessing = 0;
		};
/* End PBXResourcesBuildPhase section */

/* Begin PBXSourcesBuildPhase section */
		C438D7AC297F4E39002BF5A7 /* Sources */ = {
			isa = PBXSourcesBuildPhase;
			buildActionMask = 2147483647;
			files = (
				C438D7F5297F5539002BF5A7 /* GenreTypeGroup.swift in Sources */,
				C438D7F7297F559B002BF5A7 /* HomeVC.swift in Sources */,
				C4016B3D29809885008AAFDA /* LevelsScreen.swift in Sources */,
				C438D7F3297F5527002BF5A7 /* BodyType.swift in Sources */,
				C4016B3A2980963F008AAFDA /* LevelsCoordinator.swift in Sources */,
				C4016B4429809B15008AAFDA /* LevelCellScreen.swift in Sources */,
				C438D7E6297F50AA002BF5A7 /* Colors.swift in Sources */,
				C438D7B4297F4E39002BF5A7 /* AppDelegate.swift in Sources */,
				C4016B34298087C4008AAFDA /* HomeCoordinator.swift in Sources */,
				C438D7EF297F5498002BF5A7 /* Group.swift in Sources */,
				C438D7F9297F55CA002BF5A7 /* HomeScreen.swift in Sources */,
				C4016B3829809466008AAFDA /* LevelsVC.swift in Sources */,
				C4AFCAF22993181F00D5DA4B /* ProfileVC.swift in Sources */,
				C438D7ED297F51D5002BF5A7 /* User.swift in Sources */,
				C438D7B6297F4E39002BF5A7 /* SceneDelegate.swift in Sources */,
				C4016B3229808779008AAFDA /* Coordinator.swift in Sources */,
				C4016B40298099E0008AAFDA /* LevelTableViewCell.swift in Sources */,
				C438D7F1297F5513002BF5A7 /* Genre.swift in Sources */,
			);
			runOnlyForDeploymentPostprocessing = 0;
		};
/* End PBXSourcesBuildPhase section */

/* Begin PBXVariantGroup section */
		C4016B02297F5D35008AAFDA /* Main.storyboard */ = {
			isa = PBXVariantGroup;
			children = (
				C4016B03297F5D35008AAFDA /* Base */,
			);
			name = Main.storyboard;
			sourceTree = "<group>";
		};
		C4016B07297F5D38008AAFDA /* LaunchScreen.storyboard */ = {
			isa = PBXVariantGroup;
			children = (
				C4016B08297F5D38008AAFDA /* Base */,
			);
			name = LaunchScreen.storyboard;
			sourceTree = "<group>";
		};
		C438D7BE297F4E3C002BF5A7 /* LaunchScreen.storyboard */ = {
			isa = PBXVariantGroup;
			children = (
				C438D7BF297F4E3C002BF5A7 /* Base */,
			);
			name = LaunchScreen.storyboard;
			sourceTree = "<group>";
		};
/* End PBXVariantGroup section */

/* Begin XCBuildConfiguration section */
		C438D7C2297F4E3C002BF5A7 /* Debug */ = {
			isa = XCBuildConfiguration;
			buildSettings = {
				ALWAYS_SEARCH_USER_PATHS = NO;
				CLANG_ANALYZER_NONNULL = YES;
				CLANG_ANALYZER_NUMBER_OBJECT_CONVERSION = YES_AGGRESSIVE;
				CLANG_CXX_LANGUAGE_STANDARD = "gnu++17";
				CLANG_CXX_LIBRARY = "libc++";
				CLANG_ENABLE_MODULES = YES;
				CLANG_ENABLE_OBJC_ARC = YES;
				CLANG_ENABLE_OBJC_WEAK = YES;
				CLANG_WARN_BLOCK_CAPTURE_AUTORELEASING = YES;
				CLANG_WARN_BOOL_CONVERSION = YES;
				CLANG_WARN_COMMA = YES;
				CLANG_WARN_CONSTANT_CONVERSION = YES;
				CLANG_WARN_DEPRECATED_OBJC_IMPLEMENTATIONS = YES;
				CLANG_WARN_DIRECT_OBJC_ISA_USAGE = YES_ERROR;
				CLANG_WARN_DOCUMENTATION_COMMENTS = YES;
				CLANG_WARN_EMPTY_BODY = YES;
				CLANG_WARN_ENUM_CONVERSION = YES;
				CLANG_WARN_INFINITE_RECURSION = YES;
				CLANG_WARN_INT_CONVERSION = YES;
				CLANG_WARN_NON_LITERAL_NULL_CONVERSION = YES;
				CLANG_WARN_OBJC_IMPLICIT_RETAIN_SELF = YES;
				CLANG_WARN_OBJC_LITERAL_CONVERSION = YES;
				CLANG_WARN_OBJC_ROOT_CLASS = YES_ERROR;
				CLANG_WARN_QUOTED_INCLUDE_IN_FRAMEWORK_HEADER = YES;
				CLANG_WARN_RANGE_LOOP_ANALYSIS = YES;
				CLANG_WARN_STRICT_PROTOTYPES = YES;
				CLANG_WARN_SUSPICIOUS_MOVE = YES;
				CLANG_WARN_UNGUARDED_AVAILABILITY = YES_AGGRESSIVE;
				CLANG_WARN_UNREACHABLE_CODE = YES;
				CLANG_WARN__DUPLICATE_METHOD_MATCH = YES;
				COPY_PHASE_STRIP = NO;
				DEBUG_INFORMATION_FORMAT = dwarf;
				ENABLE_STRICT_OBJC_MSGSEND = YES;
				ENABLE_TESTABILITY = YES;
				GCC_C_LANGUAGE_STANDARD = gnu11;
				GCC_DYNAMIC_NO_PIC = NO;
				GCC_NO_COMMON_BLOCKS = YES;
				GCC_OPTIMIZATION_LEVEL = 0;
				GCC_PREPROCESSOR_DEFINITIONS = (
					"DEBUG=1",
					"$(inherited)",
				);
				GCC_WARN_64_TO_32_BIT_CONVERSION = YES;
				GCC_WARN_ABOUT_RETURN_TYPE = YES_ERROR;
				GCC_WARN_UNDECLARED_SELECTOR = YES;
				GCC_WARN_UNINITIALIZED_AUTOS = YES_AGGRESSIVE;
				GCC_WARN_UNUSED_FUNCTION = YES;
				GCC_WARN_UNUSED_VARIABLE = YES;
				IPHONEOS_DEPLOYMENT_TARGET = 15.2;
				MTL_ENABLE_DEBUG_INFO = INCLUDE_SOURCE;
				MTL_FAST_MATH = YES;
				ONLY_ACTIVE_ARCH = YES;
				SDKROOT = iphoneos;
				SWIFT_ACTIVE_COMPILATION_CONDITIONS = DEBUG;
				SWIFT_OPTIMIZATION_LEVEL = "-Onone";
			};
			name = Debug;
		};
		C438D7C3297F4E3C002BF5A7 /* Release */ = {
			isa = XCBuildConfiguration;
			buildSettings = {
				ALWAYS_SEARCH_USER_PATHS = NO;
				CLANG_ANALYZER_NONNULL = YES;
				CLANG_ANALYZER_NUMBER_OBJECT_CONVERSION = YES_AGGRESSIVE;
				CLANG_CXX_LANGUAGE_STANDARD = "gnu++17";
				CLANG_CXX_LIBRARY = "libc++";
				CLANG_ENABLE_MODULES = YES;
				CLANG_ENABLE_OBJC_ARC = YES;
				CLANG_ENABLE_OBJC_WEAK = YES;
				CLANG_WARN_BLOCK_CAPTURE_AUTORELEASING = YES;
				CLANG_WARN_BOOL_CONVERSION = YES;
				CLANG_WARN_COMMA = YES;
				CLANG_WARN_CONSTANT_CONVERSION = YES;
				CLANG_WARN_DEPRECATED_OBJC_IMPLEMENTATIONS = YES;
				CLANG_WARN_DIRECT_OBJC_ISA_USAGE = YES_ERROR;
				CLANG_WARN_DOCUMENTATION_COMMENTS = YES;
				CLANG_WARN_EMPTY_BODY = YES;
				CLANG_WARN_ENUM_CONVERSION = YES;
				CLANG_WARN_INFINITE_RECURSION = YES;
				CLANG_WARN_INT_CONVERSION = YES;
				CLANG_WARN_NON_LITERAL_NULL_CONVERSION = YES;
				CLANG_WARN_OBJC_IMPLICIT_RETAIN_SELF = YES;
				CLANG_WARN_OBJC_LITERAL_CONVERSION = YES;
				CLANG_WARN_OBJC_ROOT_CLASS = YES_ERROR;
				CLANG_WARN_QUOTED_INCLUDE_IN_FRAMEWORK_HEADER = YES;
				CLANG_WARN_RANGE_LOOP_ANALYSIS = YES;
				CLANG_WARN_STRICT_PROTOTYPES = YES;
				CLANG_WARN_SUSPICIOUS_MOVE = YES;
				CLANG_WARN_UNGUARDED_AVAILABILITY = YES_AGGRESSIVE;
				CLANG_WARN_UNREACHABLE_CODE = YES;
				CLANG_WARN__DUPLICATE_METHOD_MATCH = YES;
				COPY_PHASE_STRIP = NO;
				DEBUG_INFORMATION_FORMAT = "dwarf-with-dsym";
				ENABLE_NS_ASSERTIONS = NO;
				ENABLE_STRICT_OBJC_MSGSEND = YES;
				GCC_C_LANGUAGE_STANDARD = gnu11;
				GCC_NO_COMMON_BLOCKS = YES;
				GCC_WARN_64_TO_32_BIT_CONVERSION = YES;
				GCC_WARN_ABOUT_RETURN_TYPE = YES_ERROR;
				GCC_WARN_UNDECLARED_SELECTOR = YES;
				GCC_WARN_UNINITIALIZED_AUTOS = YES_AGGRESSIVE;
				GCC_WARN_UNUSED_FUNCTION = YES;
				GCC_WARN_UNUSED_VARIABLE = YES;
				IPHONEOS_DEPLOYMENT_TARGET = 15.2;
				MTL_ENABLE_DEBUG_INFO = NO;
				MTL_FAST_MATH = YES;
				SDKROOT = iphoneos;
				SWIFT_COMPILATION_MODE = wholemodule;
				SWIFT_OPTIMIZATION_LEVEL = "-O";
				VALIDATE_PRODUCT = YES;
			};
			name = Release;
		};
		C438D7C5297F4E3C002BF5A7 /* Debug */ = {
			isa = XCBuildConfiguration;
			buildSettings = {
				ASSETCATALOG_COMPILER_APPICON_NAME = AppIcon;
				ASSETCATALOG_COMPILER_GLOBAL_ACCENT_COLOR_NAME = AccentColor;
				CODE_SIGN_STYLE = Automatic;
				CURRENT_PROJECT_VERSION = 1;
				GENERATE_INFOPLIST_FILE = YES;
				INFOPLIST_FILE = GymGame/Info.plist;
				INFOPLIST_KEY_UIApplicationSupportsIndirectInputEvents = YES;
				INFOPLIST_KEY_UILaunchStoryboardName = LaunchScreen;
				INFOPLIST_KEY_UISupportedInterfaceOrientations_iPad = "UIInterfaceOrientationPortrait UIInterfaceOrientationPortraitUpsideDown UIInterfaceOrientationLandscapeLeft UIInterfaceOrientationLandscapeRight";
				INFOPLIST_KEY_UISupportedInterfaceOrientations_iPhone = "UIInterfaceOrientationPortrait UIInterfaceOrientationLandscapeLeft UIInterfaceOrientationLandscapeRight";
				LD_RUNPATH_SEARCH_PATHS = (
					"$(inherited)",
					"@executable_path/Frameworks",
				);
				MARKETING_VERSION = 1.0;
				PRODUCT_BUNDLE_IDENTIFIER = com.fernandomoreira.GymGame;
				PRODUCT_NAME = "$(TARGET_NAME)";
				SWIFT_EMIT_LOC_STRINGS = YES;
				SWIFT_VERSION = 5.0;
				TARGETED_DEVICE_FAMILY = "1,2";
			};
			name = Debug;
		};
		C438D7C6297F4E3C002BF5A7 /* Release */ = {
			isa = XCBuildConfiguration;
			buildSettings = {
				ASSETCATALOG_COMPILER_APPICON_NAME = AppIcon;
				ASSETCATALOG_COMPILER_GLOBAL_ACCENT_COLOR_NAME = AccentColor;
				CODE_SIGN_STYLE = Automatic;
				CURRENT_PROJECT_VERSION = 1;
				GENERATE_INFOPLIST_FILE = YES;
				INFOPLIST_FILE = GymGame/Info.plist;
				INFOPLIST_KEY_UIApplicationSupportsIndirectInputEvents = YES;
				INFOPLIST_KEY_UILaunchStoryboardName = LaunchScreen;
				INFOPLIST_KEY_UISupportedInterfaceOrientations_iPad = "UIInterfaceOrientationPortrait UIInterfaceOrientationPortraitUpsideDown UIInterfaceOrientationLandscapeLeft UIInterfaceOrientationLandscapeRight";
				INFOPLIST_KEY_UISupportedInterfaceOrientations_iPhone = "UIInterfaceOrientationPortrait UIInterfaceOrientationLandscapeLeft UIInterfaceOrientationLandscapeRight";
				LD_RUNPATH_SEARCH_PATHS = (
					"$(inherited)",
					"@executable_path/Frameworks",
				);
				MARKETING_VERSION = 1.0;
				PRODUCT_BUNDLE_IDENTIFIER = com.fernandomoreira.GymGame;
				PRODUCT_NAME = "$(TARGET_NAME)";
				SWIFT_EMIT_LOC_STRINGS = YES;
				SWIFT_VERSION = 5.0;
				TARGETED_DEVICE_FAMILY = "1,2";
			};
			name = Release;
		};
/* End XCBuildConfiguration section */

/* Begin XCConfigurationList section */
		C438D7AB297F4E38002BF5A7 /* Build configuration list for PBXProject "GymGame" */ = {
			isa = XCConfigurationList;
			buildConfigurations = (
				C438D7C2297F4E3C002BF5A7 /* Debug */,
				C438D7C3297F4E3C002BF5A7 /* Release */,
			);
			defaultConfigurationIsVisible = 0;
			defaultConfigurationName = Release;
		};
		C438D7C4297F4E3C002BF5A7 /* Build configuration list for PBXNativeTarget "GymGame" */ = {
			isa = XCConfigurationList;
			buildConfigurations = (
				C438D7C5297F4E3C002BF5A7 /* Debug */,
				C438D7C6297F4E3C002BF5A7 /* Release */,
			);
			defaultConfigurationIsVisible = 0;
			defaultConfigurationName = Release;
		};
/* End XCConfigurationList section */
	};
	rootObject = C438D7A8297F4E38002BF5A7 /* Project object */;
}
